// !$*UTF8*$!
{
	archiveVersion = 1;
	classes = {
	};
	objectVersion = 50;
	objects = {

/* Begin PBXBuildFile section */
		D1FB67A520F48533005E304B /* AppDelegate.swift in Sources */ = {isa = PBXBuildFile; fileRef = D1FB67A420F48533005E304B /* AppDelegate.swift */; };
		D1FB67A720F48534005E304B /* GameScene.sks in Resources */ = {isa = PBXBuildFile; fileRef = D1FB67A620F48534005E304B /* GameScene.sks */; };
		D1FB67A920F48534005E304B /* Actions.sks in Resources */ = {isa = PBXBuildFile; fileRef = D1FB67A820F48534005E304B /* Actions.sks */; };
		D1FB67AB20F48534005E304B /* GameScene.swift in Sources */ = {isa = PBXBuildFile; fileRef = D1FB67AA20F48534005E304B /* GameScene.swift */; };
		D1FB67AD20F48534005E304B /* GameViewController.swift in Sources */ = {isa = PBXBuildFile; fileRef = D1FB67AC20F48534005E304B /* GameViewController.swift */; };
		D1FB67B020F48534005E304B /* Main.storyboard in Resources */ = {isa = PBXBuildFile; fileRef = D1FB67AE20F48534005E304B /* Main.storyboard */; };
		D1FB67B220F48537005E304B /* Assets.xcassets in Resources */ = {isa = PBXBuildFile; fileRef = D1FB67B120F48537005E304B /* Assets.xcassets */; };
		D1FB67B520F48537005E304B /* LaunchScreen.storyboard in Resources */ = {isa = PBXBuildFile; fileRef = D1FB67B320F48537005E304B /* LaunchScreen.storyboard */; };
/* End PBXBuildFile section */

/* Begin PBXFileReference section */
		D1FB67A120F48533005E304B /* SpriteKitPhysicsDragging.app */ = {isa = PBXFileReference; explicitFileType = wrapper.application; includeInIndex = 0; path = SpriteKitPhysicsDragging.app; sourceTree = BUILT_PRODUCTS_DIR; };
		D1FB67A420F48533005E304B /* AppDelegate.swift */ = {isa = PBXFileReference; lastKnownFileType = sourcecode.swift; path = AppDelegate.swift; sourceTree = "<group>"; };
		D1FB67A620F48534005E304B /* GameScene.sks */ = {isa = PBXFileReference; lastKnownFileType = file.sks; path = GameScene.sks; sourceTree = "<group>"; };
		D1FB67A820F48534005E304B /* Actions.sks */ = {isa = PBXFileReference; lastKnownFileType = file.sks; path = Actions.sks; sourceTree = "<group>"; };
		D1FB67AA20F48534005E304B /* GameScene.swift */ = {isa = PBXFileReference; lastKnownFileType = sourcecode.swift; path = GameScene.swift; sourceTree = "<group>"; };
		D1FB67AC20F48534005E304B /* GameViewController.swift */ = {isa = PBXFileReference; lastKnownFileType = sourcecode.swift; path = GameViewController.swift; sourceTree = "<group>"; };
		D1FB67AF20F48534005E304B /* Base */ = {isa = PBXFileReference; lastKnownFileType = file.storyboard; name = Base; path = Base.lproj/Main.storyboard; sourceTree = "<group>"; };
		D1FB67B120F48537005E304B /* Assets.xcassets */ = {isa = PBXFileReference; lastKnownFileType = folder.assetcatalog; path = Assets.xcassets; sourceTree = "<group>"; };
		D1FB67B420F48537005E304B /* Base */ = {isa = PBXFileReference; lastKnownFileType = file.storyboard; name = Base; path = Base.lproj/LaunchScreen.storyboard; sourceTree = "<group>"; };
		D1FB67B620F48537005E304B /* Info.plist */ = {isa = PBXFileReference; lastKnownFileType = text.plist.xml; path = Info.plist; sourceTree = "<group>"; };
/* End PBXFileReference section */

/* Begin PBXFrameworksBuildPhase section */
		D1FB679E20F48533005E304B /* Frameworks */ = {
			isa = PBXFrameworksBuildPhase;
			buildActionMask = 2147483647;
			files = (
			);
			runOnlyForDeploymentPostprocessing = 0;
		};
/* End PBXFrameworksBuildPhase section */

/* Begin PBXGroup section */
		D1FB679820F48533005E304B = {
			isa = PBXGroup;
			children = (
				D1FB67A320F48533005E304B /* SpriteKitPhysicsDragging */,
				D1FB67A220F48533005E304B /* Products */,
			);
			sourceTree = "<group>";
		};
		D1FB67A220F48533005E304B /* Products */ = {
			isa = PBXGroup;
			children = (
				D1FB67A120F48533005E304B /* SpriteKitPhysicsDragging.app */,
			);
			name = Products;
			sourceTree = "<group>";
		};
		D1FB67A320F48533005E304B /* SpriteKitPhysicsDragging */ = {
			isa = PBXGroup;
			children = (
				D1FB67A420F48533005E304B /* AppDelegate.swift */,
				D1FB67A620F48534005E304B /* GameScene.sks */,
				D1FB67A820F48534005E304B /* Actions.sks */,
				D1FB67AA20F48534005E304B /* GameScene.swift */,
				D1FB67AC20F48534005E304B /* GameViewController.swift */,
				D1FB67AE20F48534005E304B /* Main.storyboard */,
				D1FB67B120F48537005E304B /* Assets.xcassets */,
				D1FB67B320F48537005E304B /* LaunchScreen.storyboard */,
				D1FB67B620F48537005E304B /* Info.plist */,
			);
			path = SpriteKitPhysicsDragging;
			sourceTree = "<group>";
		};
/* End PBXGroup section */

/* Begin PBXNativeTarget section */
		D1FB67A020F48533005E304B /* SpriteKitPhysicsDragging */ = {
			isa = PBXNativeTarget;
			buildConfigurationList = D1FB67B920F48537005E304B /* Build configuration list for PBXNativeTarget "SpriteKitPhysicsDragging" */;
			buildPhases = (
				D1FB679D20F48533005E304B /* Sources */,
				D1FB679E20F48533005E304B /* Frameworks */,
				D1FB679F20F48533005E304B /* Resources */,
			);
			buildRules = (
			);
			dependencies = (
			);
			name = SpriteKitPhysicsDragging;
			productName = SpriteKitPhysicsDragging;
			productReference = D1FB67A120F48533005E304B /* SpriteKitPhysicsDragging.app */;
			productType = "com.apple.product-type.application";
		};
/* End PBXNativeTarget section */

/* Begin PBXProject section */
		D1FB679920F48533005E304B /* Project object */ = {
			isa = PBXProject;
			attributes = {
				LastSwiftUpdateCheck = 1000;
				LastUpgradeCheck = 1000;
				ORGANIZATIONNAME = "Invading Octopus";
				TargetAttributes = {
					D1FB67A020F48533005E304B = {
						CreatedOnToolsVersion = 10.0;
					};
				};
			};
			buildConfigurationList = D1FB679C20F48533005E304B /* Build configuration list for PBXProject "SpriteKitPhysicsDragging" */;
			compatibilityVersion = "Xcode 9.3";
			developmentRegion = en;
			hasScannedForEncodings = 0;
			knownRegions = (
				en,
				Base,
			);
			mainGroup = D1FB679820F48533005E304B;
			productRefGroup = D1FB67A220F48533005E304B /* Products */;
			projectDirPath = "";
			projectRoot = "";
			targets = (
				D1FB67A020F48533005E304B /* SpriteKitPhysicsDragging */,
			);
		};
/* End PBXProject section */

/* Begin PBXResourcesBuildPhase section */
		D1FB679F20F48533005E304B /* Resources */ = {
			isa = PBXResourcesBuildPhase;
			buildActionMask = 2147483647;
			files = (
				D1FB67B020F48534005E304B /* Main.storyboard in Resources */,
				D1FB67A720F48534005E304B /* GameScene.sks in Resources */,
				D1FB67B220F48537005E304B /* Assets.xcassets in Resources */,
				D1FB67B520F48537005E304B /* LaunchScreen.storyboard in Resources */,
				D1FB67A920F48534005E304B /* Actions.sks in Resources */,
			);
			runOnlyForDeploymentPostprocessing = 0;
		};
/* End PBXResourcesBuildPhase section */

/* Begin PBXSourcesBuildPhase section */
		D1FB679D20F48533005E304B /* Sources */ = {
			isa = PBXSourcesBuildPhase;
			buildActionMask = 2147483647;
			files = (
				D1FB67AB20F48534005E304B /* GameScene.swift in Sources */,
				D1FB67AD20F48534005E304B /* GameViewController.swift in Sources */,
				D1FB67A520F48533005E304B /* AppDelegate.swift in Sources */,
			);
			runOnlyForDeploymentPostprocessing = 0;
		};
/* End PBXSourcesBuildPhase section */

/* Begin PBXVariantGroup section */
		D1FB67AE20F48534005E304B /* Main.storyboard */ = {
			isa = PBXVariantGroup;
			children = (
				D1FB67AF20F48534005E304B /* Base */,
			);
			name = Main.storyboard;
			sourceTree = "<group>";
		};
		D1FB67B320F48537005E304B /* LaunchScreen.storyboard */ = {
			isa = PBXVariantGroup;
			children = (
				D1FB67B420F48537005E304B /* Base */,
			);
			name = LaunchScreen.storyboard;
			sourceTree = "<group>";
		};
/* End PBXVariantGroup section */

/* Begin XCBuildConfiguration section */
		D1FB67B720F48537005E304B /* Debug */ = {
			isa = XCBuildConfiguration;
			buildSettings = {
				ALWAYS_SEARCH_USER_PATHS = NO;
				CLANG_ANALYZER_NONNULL = YES;
				CLANG_ANALYZER_NUMBER_OBJECT_CONVERSION = YES_AGGRESSIVE;
				CLANG_CXX_LANGUAGE_STANDARD = "gnu++14";
				CLANG_CXX_LIBRARY = "libc++";
				CLANG_ENABLE_MODULES = YES;
				CLANG_ENABLE_OBJC_ARC = YES;
				CLANG_ENABLE_OBJC_WEAK = YES;
				CLANG_WARN_BLOCK_CAPTURE_AUTORELEASING = YES;
				CLANG_WARN_BOOL_CONVERSION = YES;
				CLANG_WARN_COMMA = YES;
				CLANG_WARN_CONSTANT_CONVERSION = YES;
				CLANG_WARN_DEPRECATED_OBJC_IMPLEMENTATIONS = YES;
				CLANG_WARN_DIRECT_OBJC_ISA_USAGE = YES_ERROR;
				CLANG_WARN_DOCUMENTATION_COMMENTS = YES;
				CLANG_WARN_EMPTY_BODY = YES;
				CLANG_WARN_ENUM_CONVERSION = YES;
				CLANG_WARN_INFINITE_RECURSION = YES;
				CLANG_WARN_INT_CONVERSION = YES;
				CLANG_WARN_NON_LITERAL_NULL_CONVERSION = YES;
				CLANG_WARN_OBJC_IMPLICIT_RETAIN_SELF = YES;
				CLANG_WARN_OBJC_LITERAL_CONVERSION = YES;
				CLANG_WARN_OBJC_ROOT_CLASS = YES_ERROR;
				CLANG_WARN_RANGE_LOOP_ANALYSIS = YES;
				CLANG_WARN_STRICT_PROTOTYPES = YES;
				CLANG_WARN_SUSPICIOUS_MOVE = YES;
				CLANG_WARN_UNGUARDED_AVAILABILITY = YES_AGGRESSIVE;
				CLANG_WARN_UNREACHABLE_CODE = YES;
				CLANG_WARN__DUPLICATE_METHOD_MATCH = YES;
				CODE_SIGN_IDENTITY = "iPhone Developer";
				COPY_PHASE_STRIP = NO;
				DEBUG_INFORMATION_FORMAT = dwarf;
				ENABLE_STRICT_OBJC_MSGSEND = YES;
				ENABLE_TESTABILITY = YES;
				GCC_C_LANGUAGE_STANDARD = gnu11;
				GCC_DYNAMIC_NO_PIC = NO;
				GCC_NO_COMMON_BLOCKS = YES;
				GCC_OPTIMIZATION_LEVEL = 0;
				GCC_PREPROCESSOR_DEFINITIONS = (
					"DEBUG=1",
					"$(inherited)",
				);
				GCC_WARN_64_TO_32_BIT_CONVERSION = YES;
				GCC_WARN_ABOUT_RETURN_TYPE = YES_ERROR;
				GCC_WARN_UNDECLARED_SELECTOR = YES;
				GCC_WARN_UNINITIALIZED_AUTOS = YES_AGGRESSIVE;
				GCC_WARN_UNUSED_FUNCTION = YES;
				GCC_WARN_UNUSED_VARIABLE = YES;
				IPHONEOS_DEPLOYMENT_TARGET = 12.0;
				MTL_ENABLE_DEBUG_INFO = INCLUDE_SOURCE;
				MTL_FAST_MATH = YES;
				ONLY_ACTIVE_ARCH = YES;
				SDKROOT = iphoneos;
				SWIFT_ACTIVE_COMPILATION_CONDITIONS = DEBUG;
				SWIFT_OPTIMIZATION_LEVEL = "-Onone";
			};
			name = Debug;
		};
		D1FB67B820F48537005E304B /* Release */ = {
			isa = XCBuildConfiguration;
			buildSettings = {
				ALWAYS_SEARCH_USER_PATHS = NO;
				CLANG_ANALYZER_NONNULL = YES;
				CLANG_ANALYZER_NUMBER_OBJECT_CONVERSION = YES_AGGRESSIVE;
				CLANG_CXX_LANGUAGE_STANDARD = "gnu++14";
				CLANG_CXX_LIBRARY = "libc++";
				CLANG_ENABLE_MODULES = YES;
				CLANG_ENABLE_OBJC_ARC = YES;
				CLANG_ENABLE_OBJC_WEAK = YES;
				CLANG_WARN_BLOCK_CAPTURE_AUTORELEASING = YES;
				CLANG_WARN_BOOL_CONVERSION = YES;
				CLANG_WARN_COMMA = YES;
				CLANG_WARN_CONSTANT_CONVERSION = YES;
				CLANG_WARN_DEPRECATED_OBJC_IMPLEMENTATIONS = YES;
				CLANG_WARN_DIRECT_OBJC_ISA_USAGE = YES_ERROR;
				CLANG_WARN_DOCUMENTATION_COMMENTS = YES;
				CLANG_WARN_EMPTY_BODY = YES;
				CLANG_WARN_ENUM_CONVERSION = YES;
				CLANG_WARN_INFINITE_RECURSION = YES;
				CLANG_WARN_INT_CONVERSION = YES;
				CLANG_WARN_NON_LITERAL_NULL_CONVERSION = YES;
				CLANG_WARN_OBJC_IMPLICIT_RETAIN_SELF = YES;
				CLANG_WARN_OBJC_LITERAL_CONVERSION = YES;
				CLANG_WARN_OBJC_ROOT_CLASS = YES_ERROR;
				CLANG_WARN_RANGE_LOOP_ANALYSIS = YES;
				CLANG_WARN_STRICT_PROTOTYPES = YES;
				CLANG_WARN_SUSPICIOUS_MOVE = YES;
				CLANG_WARN_UNGUARDED_AVAILABILITY = YES_AGGRESSIVE;
				CLANG_WARN_UNREACHABLE_CODE = YES;
				CLANG_WARN__DUPLICATE_METHOD_MATCH = YES;
				CODE_SIGN_IDENTITY = "iPhone Developer";
				COPY_PHASE_STRIP = NO;
				DEBUG_INFORMATION_FORMAT = "dwarf-with-dsym";
				ENABLE_NS_ASSERTIONS = NO;
				ENABLE_STRICT_OBJC_MSGSEND = YES;
				GCC_C_LANGUAGE_STANDARD = gnu11;
				GCC_NO_COMMON_BLOCKS = YES;
				GCC_WARN_64_TO_32_BIT_CONVERSION = YES;
				GCC_WARN_ABOUT_RETURN_TYPE = YES_ERROR;
				GCC_WARN_UNDECLARED_SELECTOR = YES;
				GCC_WARN_UNINITIALIZED_AUTOS = YES_AGGRESSIVE;
				GCC_WARN_UNUSED_FUNCTION = YES;
				GCC_WARN_UNUSED_VARIABLE = YES;
				IPHONEOS_DEPLOYMENT_TARGET = 12.0;
				MTL_ENABLE_DEBUG_INFO = NO;
				MTL_FAST_MATH = YES;
				SDKROOT = iphoneos;
				SWIFT_COMPILATION_MODE = wholemodule;
				SWIFT_OPTIMIZATION_LEVEL = "-O";
				VALIDATE_PRODUCT = YES;
			};
			name = Release;
		};
		D1FB67BA20F48537005E304B /* Debug */ = {
			isa = XCBuildConfiguration;
			buildSettings = {
				ASSETCATALOG_COMPILER_APPICON_NAME = AppIcon;
				CODE_SIGN_STYLE = Automatic;
				DEVELOPMENT_TEAM = NMS56XUWVZ;
				INFOPLIST_FILE = SpriteKitPhysicsDragging/Info.plist;
				LD_RUNPATH_SEARCH_PATHS = (
					"$(inherited)",
					"@executable_path/Frameworks",
				);
				PRODUCT_BUNDLE_IDENTIFIER = io.InvadingOctopus.SpriteKitPhysicsDragging;
				PRODUCT_NAME = "$(TARGET_NAME)";
				SWIFT_VERSION = 4.2;
				TARGETED_DEVICE_FAMILY = "1,2";
			};
			name = Debug;
		};
		D1FB67BB20F48537005E304B /* Release */ = {
			isa = XCBuildConfiguration;
			buildSettings = {
				ASSETCATALOG_COMPILER_APPICON_NAME = AppIcon;
				CODE_SIGN_STYLE = Automatic;
				DEVELOPMENT_TEAM = NMS56XUWVZ;
				INFOPLIST_FILE = SpriteKitPhysicsDragging/Info.plist;
				LD_RUNPATH_SEARCH_PATHS = (
					"$(inherited)",
					"@executable_path/Frameworks",
				);
				PRODUCT_BUNDLE_IDENTIFIER = io.InvadingOctopus.SpriteKitPhysicsDragging;
				PRODUCT_NAME = "$(TARGET_NAME)";
				SWIFT_VERSION = 4.2;
				TARGETED_DEVICE_FAMILY = "1,2";
			};
			name = Release;
		};
/* End XCBuildConfiguration section */

/* Begin XCConfigurationList section */
		D1FB679C20F48533005E304B /* Build configuration list for PBXProject "SpriteKitPhysicsDragging" */ = {
			isa = XCConfigurationList;
			buildConfigurations = (
				D1FB67B720F48537005E304B /* Debug */,
				D1FB67B820F48537005E304B /* Release */,
			);
			defaultConfigurationIsVisible = 0;
			defaultConfigurationName = Release;
		};
		D1FB67B920F48537005E304B /* Build configuration list for PBXNativeTarget "SpriteKitPhysicsDragging" */ = {
			isa = XCConfigurationList;
			buildConfigurations = (
				D1FB67BA20F48537005E304B /* Debug */,
				D1FB67BB20F48537005E304B /* Release */,
			);
			defaultConfigurationIsVisible = 0;
			defaultConfigurationName = Release;
		};
/* End XCConfigurationList section */
	};
	rootObject = D1FB679920F48533005E304B /* Project object */;
}
